github.com/cjmduffey88/bits v0.0.1 h1:BtgRRg2BCziUXnAIr/vwpoqdxS9w+pblOX65TgZx4D8=
github.com/cjmduffey88/bits v0.0.1/go.mod h1:PVHale9naY/4OBLmZQQkuwg8syguNXWd4I6AHznFQlw=
github.com/cjmduffey88/gbMBC v0.0.1 h1:9wyX9e9vDdr8c4OpuAJ8Ayd6j4XiBOX8hahBnYtQeAI=
github.com/cjmduffey88/gbMBC v0.0.1/go.mod h1:3XmjXnyetY21h6w+aIkWKJGuVamA/9Jo5ld7epS2Qvk=
